PODS:
  - AFNetworking (4.0.1):
    - AFNetworking/NSURLSession (= 4.0.1)
    - AFNetworking/Reachability (= 4.0.1)
    - AFNetworking/Security (= 4.0.1)
    - AFNetworking/Serialization (= 4.0.1)
    - AFNetworking/UIKit (= 4.0.1)
  - AFNetworking/NSURLSession (4.0.1):
    - AFNetworking/Reachability
    - AFNetworking/Security
    - AFNetworking/Serialization
  - AFNetworking/Reachability (4.0.1)
  - AFNetworking/Security (4.0.1)
  - AFNetworking/Serialization (4.0.1)
  - AFNetworking/UIKit (4.0.1):
    - AFNetworking/NSURLSession
  - BRPickerView/Core (2.9.1)
  - BRPickerView/DatePicker (2.9.1):
    - BRPickerView/Core
  - BRPickerView/Default (2.9.1):
    - BRPickerView/DatePicker
    - BRPickerView/TextPicker
  - BRPickerView/TextPicker (2.9.1):
    - BRPickerView/Core
  - CocoaLumberjack/Core (3.8.5)
  - CocoaLumberjack/Swift (3.8.5):
    - CocoaLumberjack/Core
  - DGCharts (5.1.0):
    - DGCharts/Core (= 5.1.0)
  - DGCharts/Core (5.1.0)
  - EmptyDataSet-Swift (5.0.0)
  - FBAEMKit (18.0.0):
    - FBSDKCoreKit_Basics (= 18.0.0)
  - FBSDKCoreKit (18.0.0):
    - FBAEMKit (= 18.0.0)
    - FBSDKCoreKit_Basics (= 18.0.0)
  - FBSDKCoreKit_Basics (18.0.0)
  - FDFullscreenPopGesture (1.1)
  - GSCaptchaButton (1.0.1)
  - IQKeyboardCore (1.0.5)
  - IQKeyboardManagerSwift (8.0.0):
    - IQKeyboardManagerSwift/Appearance (= 8.0.0)
    - IQKeyboardManagerSwift/Core (= 8.0.0)
    - IQKeyboardManagerSwift/IQKeyboardReturnManager (= 8.0.0)
    - IQKeyboardManagerSwift/IQKeyboardToolbarManager (= 8.0.0)
    - IQKeyboardManagerSwift/IQTextView (= 8.0.0)
    - IQKeyboardManagerSwift/Resign (= 8.0.0)
  - IQKeyboardManagerSwift/Appearance (8.0.0):
    - IQKeyboardManagerSwift/Core
  - IQKeyboardManagerSwift/Core (8.0.0):
    - IQKeyboardNotification
    - IQTextInputViewNotification
  - IQKeyboardManagerSwift/IQKeyboardReturnManager (8.0.0):
    - IQKeyboardReturnManager
  - IQKeyboardManagerSwift/IQKeyboardToolbarManager (8.0.0):
    - IQKeyboardManagerSwift/Core
    - IQKeyboardToolbarManager
  - IQKeyboardManagerSwift/IQTextView (8.0.0):
    - IQTextView
  - IQKeyboardManagerSwift/Resign (8.0.0):
    - IQKeyboardManagerSwift/Core
  - IQKeyboardNotification (1.0.3)
  - IQKeyboardReturnManager (1.0.4):
    - IQKeyboardCore (= 1.0.5)
  - IQKeyboardToolbar (1.1.1):
    - IQKeyboardCore
    - IQKeyboardToolbar/Core (= 1.1.1)
  - IQKeyboardToolbar/Core (1.1.1):
    - IQKeyboardCore
    - IQKeyboardToolbar/Placeholderable
  - IQKeyboardToolbar/Placeholderable (1.1.1):
    - IQKeyboardCore
  - IQKeyboardToolbarManager (1.1.3):
    - IQKeyboardToolbar
    - IQTextInputViewNotification
  - IQTextInputViewNotification (1.0.8):
    - IQKeyboardCore
  - IQTextView (1.0.5):
    - IQKeyboardToolbar/Placeholderable
  - JKSwiftExtension (2.7.1)
  - JXBanner (0.3.6):
    - JXBanner/Banner (= 0.3.6)
    - JXBanner/PageControl (= 0.3.6)
  - JXBanner/Banner (0.3.6):
    - JXBanner/Banner/API (= 0.3.6)
    - JXBanner/Banner/Banner (= 0.3.6)
    - JXBanner/Banner/Cell (= 0.3.6)
    - JXBanner/Banner/Common (= 0.3.6)
    - JXBanner/Banner/Transform (= 0.3.6)
  - JXBanner/Banner/API (0.3.6):
    - JXBanner/Banner/Cell
    - JXBanner/PageControl
  - JXBanner/Banner/Banner (0.3.6):
    - JXBanner/Banner/API
    - JXBanner/Banner/Common
    - JXBanner/Banner/Transform
  - JXBanner/Banner/Cell (0.3.6)
  - JXBanner/Banner/Common (0.3.6)
  - JXBanner/Banner/Transform (0.3.6):
    - JXBanner/Banner/API
  - JXBanner/PageControl (0.3.6):
    - JXPageControl
  - JXPageControl (0.1.5):
    - JXPageControl/Common (= 0.1.5)
    - JXPageControl/Jump (= 0.1.5)
    - JXPageControl/Transform (= 0.1.5)
  - JXPageControl/Common (0.1.5)
  - JXPageControl/Jump (0.1.5):
    - JXPageControl/Common
  - JXPageControl/Transform (0.1.5):
    - JXPageControl/Common
  - Kingfisher (8.2.0)
  - LJContactManager (1.0.7)
  - Mach-Swift (1.1.1)
  - MJRefresh (3.7.5)
  - Reachability (3.7.6)
  - SnapKit (5.7.1)
  - Toast (4.1.1)
  - TZImagePickerController (3.8.8):
    - TZImagePickerController/Basic (= 3.8.8)
    - TZImagePickerController/Location (= 3.8.8)
  - TZImagePickerController/Basic (3.8.8)
  - TZImagePickerController/Location (3.8.8)
  - YYKit (1.0.9):
    - YYKit/no-arc (= 1.0.9)
  - YYKit/no-arc (1.0.9)

DEPENDENCIES:
  - AFNetworking (from `https://github.com/crasowas/AFNetworking.git`)
  - BRPickerView/Default (= 2.9.1)
  - CocoaLumberjack/Swift
  - DGCharts (= 5.1.0)
  - EmptyDataSet-Swift (= 5.0.0)
  - FBSDKCoreKit (= 18.0.0)
  - FDFullscreenPopGesture (= 1.1)
  - GSCaptchaButton
  - IQKeyboardManagerSwift (= 8.0.0)
  - JKSwiftExtension (= 2.7.1)
  - JXBanner (= 0.3.6)
  - Kingfisher (~> 8.2.0)
  - LJContactManager (= 1.0.7)
  - Mach-Swift (= 1.1.1)
  - MJRefresh (= 3.7.5)
  - Reachability (= 3.7.6)
  - SnapKit (= 5.7.1)
  - Toast (= 4.1.1)
  - TZImagePickerController (= 3.8.8)
  - YYKit (= 1.0.9)

SPEC REPOS:
  https://github.com/CocoaPods/Specs.git:
    - BRPickerView
    - CocoaLumberjack
    - DGCharts
    - EmptyDataSet-Swift
    - FBAEMKit
    - FBSDKCoreKit
    - FBSDKCoreKit_Basics
    - FDFullscreenPopGesture
    - GSCaptchaButton
    - IQKeyboardCore
    - IQKeyboardManagerSwift
    - IQKeyboardNotification
    - IQKeyboardReturnManager
    - IQKeyboardToolbar
    - IQKeyboardToolbarManager
    - IQTextInputViewNotification
    - IQTextView
    - JKSwiftExtension
    - JXBanner
    - JXPageControl
    - Kingfisher
    - LJContactManager
    - Mach-Swift
    - MJRefresh
    - Reachability
    - SnapKit
    - Toast
    - TZImagePickerController
    - YYKit

EXTERNAL SOURCES:
  AFNetworking:
    :git: https://github.com/crasowas/AFNetworking.git

CHECKOUT OPTIONS:
  AFNetworking:
    :commit: cad86a0bd363f4c65086193addbb004d2c0a7718
    :git: https://github.com/crasowas/AFNetworking.git

SPEC CHECKSUMS:
  AFNetworking: 1e49f114ce59e7156e35761e03e1087f386689e2
  BRPickerView: 6dd69ea2c48e0a0abf1d197a705050e13143ee63
  CocoaLumberjack: 6a459bc897d6d80bd1b8c78482ec7ad05dffc3f0
  DGCharts: 1c6daf585b6cfc78807af44ea690d357c410627f
  EmptyDataSet-Swift: eb382c0c87a2d9c678077385a595cec52da38171
  FBAEMKit: e34530df538b8eb8aeb53c35867715ba6c63ef0c
  FBSDKCoreKit: d3f479a69127acebb1c6aad91c1a33907bcf6c2f
  FBSDKCoreKit_Basics: 017b6dc2a1862024815a8229e75661e627ac1e29
  FDFullscreenPopGesture: a8a620179e3d9c40e8e00256dcee1c1a27c6d0f0
  GSCaptchaButton: 52fadc57ecc3fbea7cac6518b62be13b49c30d8f
  IQKeyboardCore: 28c8bf3bcd8ba5aa1570b318cbc4da94b861711e
  IQKeyboardManagerSwift: 0c6fbbaa2e60739e48d7cf59f25661471a7a3a65
  IQKeyboardNotification: d7382c4466c5a5adef92c7452ebf861b36050088
  IQKeyboardReturnManager: 972be48528ce9e7508ab3ab15ac7efac803f17f5
  IQKeyboardToolbar: d4bdccfb78324aec2f3920659c77bb89acd33312
  IQKeyboardToolbarManager: 6c693c8478d6327a7ef2107528d29698b3514dbb
  IQTextInputViewNotification: f5e954d8881fd9808b744e49e024cc0d4bcfe572
  IQTextView: ae13b4922f22e6f027f62c557d9f4f236b19d5c7
  JKSwiftExtension: 5b2150fe720d39bb3b1dea411b2cce92d68d4de0
  JXBanner: 348dbef856e786494cbf30fb45d6b84826f2d3c5
  JXPageControl: e9487b39e2e58fc17790833214f3b8e935bef98b
  Kingfisher: 323e5c4ec7983aaace12af655a7b51a7f88a599d
  LJContactManager: cebd9b2287b4aaa29b97789e7026e7c883426cbb
  Mach-Swift: c715eae0a603b713b4d1d056b6bec7eae68c16a3
  MJRefresh: fdf5e979eb406a0341468932d1dfc8b7f9fce961
  Reachability: fd0ecd23705e2599e4cceeb943222ae02296cbc6
  SnapKit: d612e99e678a2d3b95bf60b0705ed0a35c03484a
  Toast: 1f5ea13423a1e6674c4abdac5be53587ae481c4e
  TZImagePickerController: d084a7b97c82d387e7669dd86dc9a9057500aacf
  YYKit: 7cda43304a8dc3696c449041e2cb3107b4e236e7

PODFILE CHECKSUM: 07258a66281415604d0bd8d05b69b13c96f898f8

COCOAPODS: 1.16.2
